
Microsoft Visual Studio Solution File, Format Version 12.00
# Visual Studio Version 17
VisualStudioVersion = 17.2.32526.322
MinimumVisualStudioVersion = 10.0.40219.1
Project("{9A19103F-16F7-4668-BE54-9A1E7A4F7556}") = "GraphTutorial", "GraphTutorial.csproj", "{2024852D-574B-4AF8-906C-836978EC0068}"
EndProject
Global
	GlobalSection(SolutionConfigurationPlatforms) = preSolution
		Debug|Any CPU = Debug|Any CPU
		Release|Any CPU = Release|Any CPU
	EndGlobalSection
	GlobalSection(ProjectConfigurationPlatforms) = postSolution
		{2024852D-574B-4AF8-906C-836978EC0068}.Debug|Any CPU.ActiveCfg = Debug|Any CPU
		{2024852D-574B-4AF8-906C-836978EC0068}.Debug|Any CPU.Build.0 = Debug|Any CPU
		{2024852D-574B-4AF8-906C-836978EC0068}.Release|Any CPU.ActiveCfg = Release|Any CPU
		{2024852D-574B-4AF8-906C-836978EC0068}.Release|Any CPU.Build.0 = Release|Any CPU
	EndGlobalSection
	GlobalSection(SolutionProperties) = preSolution
		HideSolutionNode = FALSE
	EndGlobalSection
	GlobalSection(ExtensibilityGlobals) = postSolution
		SolutionGuid = {B9E8D8E3-71F6-4786-A22B-54F31186D4DB}
	EndGlobalSection
EndGlobal
